langcode: en
status: true
dependencies:
  module:
    - challenge_02
    - system
  theme:
    - umami
id: recipescollectionblock
theme: umami
region: sidebar
weight: 0
provider: null
plugin: challenge_02_recipes_block
settings:
  id: challenge_02_recipes_block
  label: 'Recipes Collection block'
  label_display: '0'
  provider: challenge_02
visibility:
  request_path:
    id: request_path
    negate: false
    pages: /challenge-02
