langcode: en
status: true
dependencies:
  module:
    - challenge_05
    - system
  theme:
    - umami
id: randomrecipeblock
theme: umami
region: content
weight: 0
provider: null
plugin: challenge_05_random_recipe_block
settings:
  id: challenge_05_random_recipe_block
  label: 'Random Recipe block'
  label_display: '0'
  provider: challenge_05
visibility:
  request_path:
    id: request_path
    negate: false
    pages: /challenge-05
