langcode: en
status: true
dependencies:
  module:
    - challenge_04
    - system
  theme:
    - umami
id: perrolerecipesblock
theme: umami
region: sidebar
weight: 0
provider: null
plugin: challenge_04_recipes_block
settings:
  id: challenge_04_recipes_block
  label: 'Per Role Recipes Collection block'
  label_display: '0'
  provider: challenge_04
visibility:
  request_path:
    id: request_path
    negate: false
    pages: /challenge-04
