langcode: en
status: true
dependencies:
  module:
    - challenge_01
    - system
  theme:
    - umami
id: uncacheableblock
theme: umami
region: content
weight: -7
provider: null
plugin: challenge_01_uncacheable_block
settings:
  id: challenge_01_uncacheable_block
  label: 'Uncacheable block'
  label_display: visible
  provider: challenge_01
visibility:
  request_path:
    id: request_path
    negate: false
    pages: '/challenge-01'
